
Microsoft Visual Studio Solution File, Format Version 12.00
# Visual Studio Version 17
VisualStudioVersion = 17.0.31903.59
MinimumVisualStudioVersion = 10.0.40219.1
Project("{FAE04EC0-301F-11D3-BF4B-00C04F79EFBC}") = "PrerenderedAppTest.Server", "PrerenderedAppTest\Server\PrerenderedAppTest.Server.csproj", "{68062FD7-53FB-464C-BCB7-354E0613E4C7}"
EndProject
Project("{FAE04EC0-301F-11D3-BF4B-00C04F79EFBC}") = "PrerenderedAppTest.Client", "PrerenderedAppTest\Client\PrerenderedAppTest.Client.csproj", "{9A41817D-43E1-4332-8036-EE2F75C665D6}"
EndProject
Project("{FAE04EC0-301F-11D3-BF4B-00C04F79EFBC}") = "PrerenderedAppTest.Shared", "PrerenderedAppTest\Shared\PrerenderedAppTest.Shared.csproj", "{7F4BCC20-655A-45FB-B87C-8C71FE7A56B3}"
EndProject
Global
	GlobalSection(SolutionConfigurationPlatforms) = preSolution
		Debug|Any CPU = Debug|Any CPU
		Release|Any CPU = Release|Any CPU
	EndGlobalSection
	GlobalSection(ProjectConfigurationPlatforms) = postSolution
		{68062FD7-53FB-464C-BCB7-354E0613E4C7}.Debug|Any CPU.ActiveCfg = Debug|Any CPU
		{68062FD7-53FB-464C-BCB7-354E0613E4C7}.Debug|Any CPU.Build.0 = Debug|Any CPU
		{68062FD7-53FB-464C-BCB7-354E0613E4C7}.Release|Any CPU.ActiveCfg = Release|Any CPU
		{68062FD7-53FB-464C-BCB7-354E0613E4C7}.Release|Any CPU.Build.0 = Release|Any CPU
		{9A41817D-43E1-4332-8036-EE2F75C665D6}.Debug|Any CPU.ActiveCfg = Debug|Any CPU
		{9A41817D-43E1-4332-8036-EE2F75C665D6}.Debug|Any CPU.Build.0 = Debug|Any CPU
		{9A41817D-43E1-4332-8036-EE2F75C665D6}.Release|Any CPU.ActiveCfg = Release|Any CPU
		{9A41817D-43E1-4332-8036-EE2F75C665D6}.Release|Any CPU.Build.0 = Release|Any CPU
		{7F4BCC20-655A-45FB-B87C-8C71FE7A56B3}.Debug|Any CPU.ActiveCfg = Debug|Any CPU
		{7F4BCC20-655A-45FB-B87C-8C71FE7A56B3}.Debug|Any CPU.Build.0 = Debug|Any CPU
		{7F4BCC20-655A-45FB-B87C-8C71FE7A56B3}.Release|Any CPU.ActiveCfg = Release|Any CPU
		{7F4BCC20-655A-45FB-B87C-8C71FE7A56B3}.Release|Any CPU.Build.0 = Release|Any CPU
	EndGlobalSection
	GlobalSection(SolutionProperties) = preSolution
		HideSolutionNode = FALSE
	EndGlobalSection
	GlobalSection(ExtensibilityGlobals) = postSolution
		SolutionGuid = {DC50D30D-3A29-42F1-8FE0-D7B31408EE39}
	EndGlobalSection
EndGlobal
